
Microsoft Visual Studio Solution File, Format Version 12.00
# Visual Studio 14
VisualStudioVersion = 14.0.25420.1
MinimumVisualStudioVersion = 10.0.40219.1
Project("{2150E333-8FDC-42A3-9474-1A3956D46DE8}") = "GridApps", "GridApps", "{47B0F1FD-E120-4077-9F16-0E042648FD8E}"
EndProject
Project("{2150E333-8FDC-42A3-9474-1A3956D46DE8}") = "Library", "Library", "{66F2B136-AC6E-49A8-9244-3C3D2D421987}"
EndProject
Project("{2150E333-8FDC-42A3-9474-1A3956D46DE8}") = "Applications", "Applications", "{093E911F-F413-4FAE-BCD7-79E106A03366}"
EndProject
Project("{2150E333-8FDC-42A3-9474-1A3956D46DE8}") = "Test", "Test", "{2C157EF4-2595-452C-B9A8-4910985257AB}"
EndProject
Project("{FAE04EC0-301F-11D3-BF4B-00C04F79EFBC}") = "MultiAlign", "Applications\MultiAlign\MultiAlign.csproj", "{6EC23CCC-4F36-47BF-B997-F0A5727822A5}"
EndProject
Project("{FAE04EC0-301F-11D3-BF4B-00C04F79EFBC}") = "MultiAlignCore", "Library\MultiAlignCore\MultiAlignCore.csproj", "{BDFA22C4-5822-4AA5-996E-6FDE57F7118B}"
EndProject
Project("{FAE04EC0-301F-11D3-BF4B-00C04F79EFBC}") = "MultiAlignChargeStateProcessor", "GridApps\MultiAlignChargeStateProcessor\MultiAlignChargeStateProcessor.csproj", "{553F0F69-E2CC-4AB5-BA2C-0C0604265E36}"
EndProject
Project("{FAE04EC0-301F-11D3-BF4B-00C04F79EFBC}") = "MultiAlignConsole", "Applications\MultiAlignConsole\MultiAlignConsole.csproj", "{7F3869CC-8606-476A-8A9B-0BBA15C57C60}"
EndProject
Project("{FAE04EC0-301F-11D3-BF4B-00C04F79EFBC}") = "MultiAlignTestSuite", "Test\MultiAlignTestSuite\MultiAlignTestSuite.csproj", "{C98A3968-F62C-47EB-9E03-93862C747D33}"
EndProject
Project("{FAE04EC0-301F-11D3-BF4B-00C04F79EFBC}") = "MultiAlignSTACRunner", "GridApps\MultiAlignSTACRunner\MultiAlignSTACRunner.csproj", "{76365337-8504-4F92-BADE-B1C31F98D6D9}"
EndProject
Project("{FAE04EC0-301F-11D3-BF4B-00C04F79EFBC}") = "TestCore", "Test\TestCore\TestCore.csproj", "{2B216610-B41C-4B55-9EFA-6AAC8CD91E32}"
EndProject
Project("{FAE04EC0-301F-11D3-BF4B-00C04F79EFBC}") = "MultiAlignRogue", "MultiAlignRogue\MultiAlignRogue.csproj", "{DA869866-52CD-4053-BFC2-51CD3846ED3C}"
EndProject
Project("{FAE04EC0-301F-11D3-BF4B-00C04F79EFBC}") = "MultiAlignEngineComparisons", "Test\MultiAlignEngineComparisons\MultiAlignEngineComparisons.csproj", "{5B3F2CBD-BCFB-4613-AF64-6A2F415377BA}"
EndProject
Global
	GlobalSection(SolutionConfigurationPlatforms) = preSolution
		Debug|Any CPU = Debug|Any CPU
		Debug|x64 = Debug|x64
		Debug|x86 = Debug|x86
		Release|Any CPU = Release|Any CPU
		Release|x64 = Release|x64
		Release|x86 = Release|x86
	EndGlobalSection
	GlobalSection(ProjectConfigurationPlatforms) = postSolution
		{6EC23CCC-4F36-47BF-B997-F0A5727822A5}.Debug|Any CPU.ActiveCfg = Debug|Any CPU
		{6EC23CCC-4F36-47BF-B997-F0A5727822A5}.Debug|x64.ActiveCfg = Debug|Any CPU
		{6EC23CCC-4F36-47BF-B997-F0A5727822A5}.Debug|x86.ActiveCfg = Debug|Any CPU
		{6EC23CCC-4F36-47BF-B997-F0A5727822A5}.Release|Any CPU.ActiveCfg = Release|Any CPU
		{6EC23CCC-4F36-47BF-B997-F0A5727822A5}.Release|x64.ActiveCfg = Release|Any CPU
		{6EC23CCC-4F36-47BF-B997-F0A5727822A5}.Release|x86.ActiveCfg = Release|Any CPU
		{BDFA22C4-5822-4AA5-996E-6FDE57F7118B}.Debug|Any CPU.ActiveCfg = Debug|Any CPU
		{BDFA22C4-5822-4AA5-996E-6FDE57F7118B}.Debug|Any CPU.Build.0 = Debug|Any CPU
		{BDFA22C4-5822-4AA5-996E-6FDE57F7118B}.Debug|x64.ActiveCfg = Debug|Any CPU
		{BDFA22C4-5822-4AA5-996E-6FDE57F7118B}.Debug|x64.Build.0 = Debug|Any CPU
		{BDFA22C4-5822-4AA5-996E-6FDE57F7118B}.Debug|x86.ActiveCfg = Debug|Any CPU
		{BDFA22C4-5822-4AA5-996E-6FDE57F7118B}.Debug|x86.Build.0 = Debug|Any CPU
		{BDFA22C4-5822-4AA5-996E-6FDE57F7118B}.Release|Any CPU.ActiveCfg = Release|Any CPU
		{BDFA22C4-5822-4AA5-996E-6FDE57F7118B}.Release|Any CPU.Build.0 = Release|Any CPU
		{BDFA22C4-5822-4AA5-996E-6FDE57F7118B}.Release|x64.ActiveCfg = Release|Any CPU
		{BDFA22C4-5822-4AA5-996E-6FDE57F7118B}.Release|x64.Build.0 = Release|Any CPU
		{BDFA22C4-5822-4AA5-996E-6FDE57F7118B}.Release|x86.ActiveCfg = Release|Any CPU
		{BDFA22C4-5822-4AA5-996E-6FDE57F7118B}.Release|x86.Build.0 = Release|Any CPU
		{553F0F69-E2CC-4AB5-BA2C-0C0604265E36}.Debug|Any CPU.ActiveCfg = Debug|Any CPU
		{553F0F69-E2CC-4AB5-BA2C-0C0604265E36}.Debug|Any CPU.Build.0 = Debug|Any CPU
		{553F0F69-E2CC-4AB5-BA2C-0C0604265E36}.Debug|x64.ActiveCfg = Debug|Any CPU
		{553F0F69-E2CC-4AB5-BA2C-0C0604265E36}.Debug|x64.Build.0 = Debug|Any CPU
		{553F0F69-E2CC-4AB5-BA2C-0C0604265E36}.Debug|x86.ActiveCfg = Debug|Any CPU
		{553F0F69-E2CC-4AB5-BA2C-0C0604265E36}.Debug|x86.Build.0 = Debug|Any CPU
		{553F0F69-E2CC-4AB5-BA2C-0C0604265E36}.Release|Any CPU.ActiveCfg = Release|Any CPU
		{553F0F69-E2CC-4AB5-BA2C-0C0604265E36}.Release|Any CPU.Build.0 = Release|Any CPU
		{553F0F69-E2CC-4AB5-BA2C-0C0604265E36}.Release|x64.ActiveCfg = Release|Any CPU
		{553F0F69-E2CC-4AB5-BA2C-0C0604265E36}.Release|x64.Build.0 = Release|Any CPU
		{553F0F69-E2CC-4AB5-BA2C-0C0604265E36}.Release|x86.ActiveCfg = Release|Any CPU
		{553F0F69-E2CC-4AB5-BA2C-0C0604265E36}.Release|x86.Build.0 = Release|Any CPU
		{7F3869CC-8606-476A-8A9B-0BBA15C57C60}.Debug|Any CPU.ActiveCfg = Debug|Any CPU
		{7F3869CC-8606-476A-8A9B-0BBA15C57C60}.Debug|Any CPU.Build.0 = Debug|Any CPU
		{7F3869CC-8606-476A-8A9B-0BBA15C57C60}.Debug|x64.ActiveCfg = Debug|Any CPU
		{7F3869CC-8606-476A-8A9B-0BBA15C57C60}.Debug|x64.Build.0 = Debug|Any CPU
		{7F3869CC-8606-476A-8A9B-0BBA15C57C60}.Debug|x86.ActiveCfg = Debug|Any CPU
		{7F3869CC-8606-476A-8A9B-0BBA15C57C60}.Debug|x86.Build.0 = Debug|Any CPU
		{7F3869CC-8606-476A-8A9B-0BBA15C57C60}.Release|Any CPU.ActiveCfg = Release|Any CPU
		{7F3869CC-8606-476A-8A9B-0BBA15C57C60}.Release|Any CPU.Build.0 = Release|Any CPU
		{7F3869CC-8606-476A-8A9B-0BBA15C57C60}.Release|x64.ActiveCfg = Release|Any CPU
		{7F3869CC-8606-476A-8A9B-0BBA15C57C60}.Release|x64.Build.0 = Release|Any CPU
		{7F3869CC-8606-476A-8A9B-0BBA15C57C60}.Release|x86.ActiveCfg = Release|Any CPU
		{7F3869CC-8606-476A-8A9B-0BBA15C57C60}.Release|x86.Build.0 = Release|Any CPU
		{C98A3968-F62C-47EB-9E03-93862C747D33}.Debug|Any CPU.ActiveCfg = Debug|Any CPU
		{C98A3968-F62C-47EB-9E03-93862C747D33}.Debug|Any CPU.Build.0 = Debug|Any CPU
		{C98A3968-F62C-47EB-9E03-93862C747D33}.Debug|x64.ActiveCfg = Debug|Any CPU
		{C98A3968-F62C-47EB-9E03-93862C747D33}.Debug|x64.Build.0 = Debug|Any CPU
		{C98A3968-F62C-47EB-9E03-93862C747D33}.Debug|x86.ActiveCfg = Debug|Any CPU
		{C98A3968-F62C-47EB-9E03-93862C747D33}.Debug|x86.Build.0 = Debug|Any CPU
		{C98A3968-F62C-47EB-9E03-93862C747D33}.Release|Any CPU.ActiveCfg = Release|Any CPU
		{C98A3968-F62C-47EB-9E03-93862C747D33}.Release|Any CPU.Build.0 = Release|Any CPU
		{C98A3968-F62C-47EB-9E03-93862C747D33}.Release|x64.ActiveCfg = Release|Any CPU
		{C98A3968-F62C-47EB-9E03-93862C747D33}.Release|x86.ActiveCfg = Release|Any CPU
		{C98A3968-F62C-47EB-9E03-93862C747D33}.Release|x86.Build.0 = Release|Any CPU
		{76365337-8504-4F92-BADE-B1C31F98D6D9}.Debug|Any CPU.ActiveCfg = Debug|Any CPU
		{76365337-8504-4F92-BADE-B1C31F98D6D9}.Debug|Any CPU.Build.0 = Debug|Any CPU
		{76365337-8504-4F92-BADE-B1C31F98D6D9}.Debug|x64.ActiveCfg = Debug|Any CPU
		{76365337-8504-4F92-BADE-B1C31F98D6D9}.Debug|x64.Build.0 = Debug|Any CPU
		{76365337-8504-4F92-BADE-B1C31F98D6D9}.Debug|x86.ActiveCfg = Debug|Any CPU
		{76365337-8504-4F92-BADE-B1C31F98D6D9}.Debug|x86.Build.0 = Debug|Any CPU
		{76365337-8504-4F92-BADE-B1C31F98D6D9}.Release|Any CPU.ActiveCfg = Release|Any CPU
		{76365337-8504-4F92-BADE-B1C31F98D6D9}.Release|Any CPU.Build.0 = Release|Any CPU
		{76365337-8504-4F92-BADE-B1C31F98D6D9}.Release|x64.ActiveCfg = Release|Any CPU
		{76365337-8504-4F92-BADE-B1C31F98D6D9}.Release|x64.Build.0 = Release|Any CPU
		{76365337-8504-4F92-BADE-B1C31F98D6D9}.Release|x86.ActiveCfg = Release|Any CPU
		{76365337-8504-4F92-BADE-B1C31F98D6D9}.Release|x86.Build.0 = Release|Any CPU
		{2B216610-B41C-4B55-9EFA-6AAC8CD91E32}.Debug|Any CPU.ActiveCfg = Debug|Any CPU
		{2B216610-B41C-4B55-9EFA-6AAC8CD91E32}.Debug|Any CPU.Build.0 = Debug|Any CPU
		{2B216610-B41C-4B55-9EFA-6AAC8CD91E32}.Debug|x64.ActiveCfg = Debug|Any CPU
		{2B216610-B41C-4B55-9EFA-6AAC8CD91E32}.Debug|x64.Build.0 = Debug|Any CPU
		{2B216610-B41C-4B55-9EFA-6AAC8CD91E32}.Debug|x86.ActiveCfg = Debug|Any CPU
		{2B216610-B41C-4B55-9EFA-6AAC8CD91E32}.Debug|x86.Build.0 = Debug|Any CPU
		{2B216610-B41C-4B55-9EFA-6AAC8CD91E32}.Release|Any CPU.ActiveCfg = Release|Any CPU
		{2B216610-B41C-4B55-9EFA-6AAC8CD91E32}.Release|Any CPU.Build.0 = Release|Any CPU
		{2B216610-B41C-4B55-9EFA-6AAC8CD91E32}.Release|x64.ActiveCfg = Release|Any CPU
		{2B216610-B41C-4B55-9EFA-6AAC8CD91E32}.Release|x64.Build.0 = Release|Any CPU
		{2B216610-B41C-4B55-9EFA-6AAC8CD91E32}.Release|x86.ActiveCfg = Release|Any CPU
		{2B216610-B41C-4B55-9EFA-6AAC8CD91E32}.Release|x86.Build.0 = Release|Any CPU
		{DA869866-52CD-4053-BFC2-51CD3846ED3C}.Debug|Any CPU.ActiveCfg = Debug|Any CPU
		{DA869866-52CD-4053-BFC2-51CD3846ED3C}.Debug|Any CPU.Build.0 = Debug|Any CPU
		{DA869866-52CD-4053-BFC2-51CD3846ED3C}.Debug|x64.ActiveCfg = Debug|Any CPU
		{DA869866-52CD-4053-BFC2-51CD3846ED3C}.Debug|x64.Build.0 = Debug|Any CPU
		{DA869866-52CD-4053-BFC2-51CD3846ED3C}.Debug|x86.ActiveCfg = Debug|Any CPU
		{DA869866-52CD-4053-BFC2-51CD3846ED3C}.Debug|x86.Build.0 = Debug|Any CPU
		{DA869866-52CD-4053-BFC2-51CD3846ED3C}.Release|Any CPU.ActiveCfg = Release|Any CPU
		{DA869866-52CD-4053-BFC2-51CD3846ED3C}.Release|Any CPU.Build.0 = Release|Any CPU
		{DA869866-52CD-4053-BFC2-51CD3846ED3C}.Release|x64.ActiveCfg = Release|Any CPU
		{DA869866-52CD-4053-BFC2-51CD3846ED3C}.Release|x64.Build.0 = Release|Any CPU
		{DA869866-52CD-4053-BFC2-51CD3846ED3C}.Release|x86.ActiveCfg = Release|Any CPU
		{DA869866-52CD-4053-BFC2-51CD3846ED3C}.Release|x86.Build.0 = Release|Any CPU
		{5B3F2CBD-BCFB-4613-AF64-6A2F415377BA}.Debug|Any CPU.ActiveCfg = Debug|x86
		{5B3F2CBD-BCFB-4613-AF64-6A2F415377BA}.Debug|x64.ActiveCfg = Debug|x64
		{5B3F2CBD-BCFB-4613-AF64-6A2F415377BA}.Debug|x64.Build.0 = Debug|x64
		{5B3F2CBD-BCFB-4613-AF64-6A2F415377BA}.Debug|x86.ActiveCfg = Debug|x86
		{5B3F2CBD-BCFB-4613-AF64-6A2F415377BA}.Debug|x86.Build.0 = Debug|x86
		{5B3F2CBD-BCFB-4613-AF64-6A2F415377BA}.Release|Any CPU.ActiveCfg = Release|x86
		{5B3F2CBD-BCFB-4613-AF64-6A2F415377BA}.Release|x64.ActiveCfg = Release|x64
		{5B3F2CBD-BCFB-4613-AF64-6A2F415377BA}.Release|x64.Build.0 = Release|x64
		{5B3F2CBD-BCFB-4613-AF64-6A2F415377BA}.Release|x86.ActiveCfg = Release|x86
		{5B3F2CBD-BCFB-4613-AF64-6A2F415377BA}.Release|x86.Build.0 = Release|x86
	EndGlobalSection
	GlobalSection(SolutionProperties) = preSolution
		HideSolutionNode = FALSE
	EndGlobalSection
	GlobalSection(NestedProjects) = preSolution
		{6EC23CCC-4F36-47BF-B997-F0A5727822A5} = {093E911F-F413-4FAE-BCD7-79E106A03366}
		{BDFA22C4-5822-4AA5-996E-6FDE57F7118B} = {66F2B136-AC6E-49A8-9244-3C3D2D421987}
		{553F0F69-E2CC-4AB5-BA2C-0C0604265E36} = {47B0F1FD-E120-4077-9F16-0E042648FD8E}
		{7F3869CC-8606-476A-8A9B-0BBA15C57C60} = {093E911F-F413-4FAE-BCD7-79E106A03366}
		{C98A3968-F62C-47EB-9E03-93862C747D33} = {2C157EF4-2595-452C-B9A8-4910985257AB}
		{76365337-8504-4F92-BADE-B1C31F98D6D9} = {47B0F1FD-E120-4077-9F16-0E042648FD8E}
		{2B216610-B41C-4B55-9EFA-6AAC8CD91E32} = {2C157EF4-2595-452C-B9A8-4910985257AB}
		{DA869866-52CD-4053-BFC2-51CD3846ED3C} = {093E911F-F413-4FAE-BCD7-79E106A03366}
		{5B3F2CBD-BCFB-4613-AF64-6A2F415377BA} = {2C157EF4-2595-452C-B9A8-4910985257AB}
	EndGlobalSection
EndGlobal
