Microsoft Visual Studio Solution File, Format Version 9.00
# Visual Studio 2005
Project("{FAE04EC0-301F-11D3-BF4B-00C04F79EFBC}") = "MultiAlignWin", "MultiAlignWin\MultiAlignWin.csproj", "{74B1D21D-3B38-4605-A617-4CA55683311C}"
EndProject
Project("{54435603-DBB4-11D2-8724-00A0C9A8B90C}") = "MultiAlignDeploy", "MultiAlignDeploy\MultiAlignDeploy.vdproj", "{49B81615-1F24-4254-A09E-775C32EF4B60}"
	ProjectSection(ProjectDependencies) = postProject
		{9409DE9B-F3F0-41AA-95F5-8BFD525F5669} = {9409DE9B-F3F0-41AA-95F5-8BFD525F5669}
		{46C6D9CE-672F-4491-BF67-AA3F8DC811B7} = {46C6D9CE-672F-4491-BF67-AA3F8DC811B7}
	EndProjectSection
EndProject
Project("{FAE04EC0-301F-11D3-BF4B-00C04F79EFBC}") = "ExternalControls", "ExternalControls\ExternalControls.csproj", "{46C6D9CE-672F-4491-BF67-AA3F8DC811B7}"
EndProject
Project("{FAE04EC0-301F-11D3-BF4B-00C04F79EFBC}") = "PNNLControls", "PNNLControls\PNNLControls.csproj", "{9409DE9B-F3F0-41AA-95F5-8BFD525F5669}"
EndProject
Project("{FAE04EC0-301F-11D3-BF4B-00C04F79EFBC}") = "Test", "TestFactors\Test.csproj", "{6531406C-5591-4C6B-8C86-AFDB5E3B8D1C}"
EndProject
Project("{8BC9CEB8-8B4A-11D0-8D11-00A0C91BC942}") = "MultiAlignEngine", "MultiAlign\MultiAlign.vcproj", "{5A7E3D3C-03F3-4586-8A2C-BAE1EBA4623E}"
EndProject
Project("{FAE04EC0-301F-11D3-BF4B-00C04F79EFBC}") = "PNNLProteomics", "PNNLProteomics\PNNLProteomics.csproj", "{BDFA22C4-5822-4AA5-996E-6FDE57F7118B}"
EndProject
Project("{8BC9CEB8-8B4A-11D0-8D11-00A0C91BC942}") = "SMARTWrapper2005", "SMARTWrapper\SMARTWrapper\SMARTWrapper2005.vcproj", "{8FD22131-4C5F-456F-8D4F-583E8528FDA9}"
EndProject
Global
	GlobalSection(SolutionConfigurationPlatforms) = preSolution
		Debug|Any CPU = Debug|Any CPU
		Debug|Mixed Platforms = Debug|Mixed Platforms
		Debug|Win32 = Debug|Win32
		Release_32Bit|Any CPU = Release_32Bit|Any CPU
		Release_32Bit|Mixed Platforms = Release_32Bit|Mixed Platforms
		Release_32Bit|Win32 = Release_32Bit|Win32
		Release_64Bit|Any CPU = Release_64Bit|Any CPU
		Release_64Bit|Mixed Platforms = Release_64Bit|Mixed Platforms
		Release_64Bit|Win32 = Release_64Bit|Win32
		Release|Any CPU = Release|Any CPU
		Release|Mixed Platforms = Release|Mixed Platforms
		Release|Win32 = Release|Win32
	EndGlobalSection
	GlobalSection(ProjectConfigurationPlatforms) = postSolution
		{74B1D21D-3B38-4605-A617-4CA55683311C}.Debug|Any CPU.ActiveCfg = Debug|Any CPU
		{74B1D21D-3B38-4605-A617-4CA55683311C}.Debug|Any CPU.Build.0 = Debug|Any CPU
		{74B1D21D-3B38-4605-A617-4CA55683311C}.Debug|Mixed Platforms.ActiveCfg = Debug|Any CPU
		{74B1D21D-3B38-4605-A617-4CA55683311C}.Debug|Mixed Platforms.Build.0 = Debug|Any CPU
		{74B1D21D-3B38-4605-A617-4CA55683311C}.Debug|Win32.ActiveCfg = Debug|Any CPU
		{74B1D21D-3B38-4605-A617-4CA55683311C}.Release_32Bit|Any CPU.ActiveCfg = Release_32Bit|Any CPU
		{74B1D21D-3B38-4605-A617-4CA55683311C}.Release_32Bit|Any CPU.Build.0 = Release_32Bit|Any CPU
		{74B1D21D-3B38-4605-A617-4CA55683311C}.Release_32Bit|Mixed Platforms.ActiveCfg = Release_32Bit|Any CPU
		{74B1D21D-3B38-4605-A617-4CA55683311C}.Release_32Bit|Mixed Platforms.Build.0 = Release_32Bit|Any CPU
		{74B1D21D-3B38-4605-A617-4CA55683311C}.Release_32Bit|Win32.ActiveCfg = Release_32Bit|Any CPU
		{74B1D21D-3B38-4605-A617-4CA55683311C}.Release_64Bit|Any CPU.ActiveCfg = Release_64Bit|Any CPU
		{74B1D21D-3B38-4605-A617-4CA55683311C}.Release_64Bit|Any CPU.Build.0 = Release_64Bit|Any CPU
		{74B1D21D-3B38-4605-A617-4CA55683311C}.Release_64Bit|Mixed Platforms.ActiveCfg = Release_64Bit|Any CPU
		{74B1D21D-3B38-4605-A617-4CA55683311C}.Release_64Bit|Mixed Platforms.Build.0 = Release_64Bit|Any CPU
		{74B1D21D-3B38-4605-A617-4CA55683311C}.Release_64Bit|Win32.ActiveCfg = Release_64Bit|Any CPU
		{74B1D21D-3B38-4605-A617-4CA55683311C}.Release|Any CPU.ActiveCfg = Release|Any CPU
		{74B1D21D-3B38-4605-A617-4CA55683311C}.Release|Any CPU.Build.0 = Release|Any CPU
		{74B1D21D-3B38-4605-A617-4CA55683311C}.Release|Mixed Platforms.ActiveCfg = Debug|Any CPU
		{74B1D21D-3B38-4605-A617-4CA55683311C}.Release|Mixed Platforms.Build.0 = Debug|Any CPU
		{74B1D21D-3B38-4605-A617-4CA55683311C}.Release|Win32.ActiveCfg = Release|Any CPU
		{49B81615-1F24-4254-A09E-775C32EF4B60}.Debug|Any CPU.ActiveCfg = Release
		{49B81615-1F24-4254-A09E-775C32EF4B60}.Debug|Mixed Platforms.ActiveCfg = Release
		{49B81615-1F24-4254-A09E-775C32EF4B60}.Debug|Win32.ActiveCfg = Debug
		{49B81615-1F24-4254-A09E-775C32EF4B60}.Debug|Win32.Build.0 = Debug
		{49B81615-1F24-4254-A09E-775C32EF4B60}.Release_32Bit|Any CPU.ActiveCfg = Release_32Bit
		{49B81615-1F24-4254-A09E-775C32EF4B60}.Release_32Bit|Any CPU.Build.0 = Release_32Bit
		{49B81615-1F24-4254-A09E-775C32EF4B60}.Release_32Bit|Mixed Platforms.ActiveCfg = Release_32Bit
		{49B81615-1F24-4254-A09E-775C32EF4B60}.Release_32Bit|Mixed Platforms.Build.0 = Release_32Bit
		{49B81615-1F24-4254-A09E-775C32EF4B60}.Release_32Bit|Win32.ActiveCfg = Release_32Bit
		{49B81615-1F24-4254-A09E-775C32EF4B60}.Release_32Bit|Win32.Build.0 = Release_32Bit
		{49B81615-1F24-4254-A09E-775C32EF4B60}.Release_64Bit|Any CPU.ActiveCfg = Release_64Bit
		{49B81615-1F24-4254-A09E-775C32EF4B60}.Release_64Bit|Any CPU.Build.0 = Release_64Bit
		{49B81615-1F24-4254-A09E-775C32EF4B60}.Release_64Bit|Mixed Platforms.ActiveCfg = Release_64Bit
		{49B81615-1F24-4254-A09E-775C32EF4B60}.Release_64Bit|Mixed Platforms.Build.0 = Release_64Bit
		{49B81615-1F24-4254-A09E-775C32EF4B60}.Release_64Bit|Win32.ActiveCfg = Release_64Bit
		{49B81615-1F24-4254-A09E-775C32EF4B60}.Release_64Bit|Win32.Build.0 = Release_64Bit
		{49B81615-1F24-4254-A09E-775C32EF4B60}.Release|Any CPU.ActiveCfg = Release
		{49B81615-1F24-4254-A09E-775C32EF4B60}.Release|Any CPU.Build.0 = Release
		{49B81615-1F24-4254-A09E-775C32EF4B60}.Release|Mixed Platforms.ActiveCfg = Release
		{49B81615-1F24-4254-A09E-775C32EF4B60}.Release|Mixed Platforms.Build.0 = Release
		{49B81615-1F24-4254-A09E-775C32EF4B60}.Release|Win32.ActiveCfg = Release
		{49B81615-1F24-4254-A09E-775C32EF4B60}.Release|Win32.Build.0 = Release
		{46C6D9CE-672F-4491-BF67-AA3F8DC811B7}.Debug|Any CPU.ActiveCfg = Debug|Any CPU
		{46C6D9CE-672F-4491-BF67-AA3F8DC811B7}.Debug|Any CPU.Build.0 = Debug|Any CPU
		{46C6D9CE-672F-4491-BF67-AA3F8DC811B7}.Debug|Mixed Platforms.ActiveCfg = Debug|Any CPU
		{46C6D9CE-672F-4491-BF67-AA3F8DC811B7}.Debug|Mixed Platforms.Build.0 = Debug|Any CPU
		{46C6D9CE-672F-4491-BF67-AA3F8DC811B7}.Debug|Win32.ActiveCfg = Debug|Any CPU
		{46C6D9CE-672F-4491-BF67-AA3F8DC811B7}.Release_32Bit|Any CPU.ActiveCfg = Release_32Bit|Any CPU
		{46C6D9CE-672F-4491-BF67-AA3F8DC811B7}.Release_32Bit|Any CPU.Build.0 = Release_32Bit|Any CPU
		{46C6D9CE-672F-4491-BF67-AA3F8DC811B7}.Release_32Bit|Mixed Platforms.ActiveCfg = Release_32Bit|Any CPU
		{46C6D9CE-672F-4491-BF67-AA3F8DC811B7}.Release_32Bit|Mixed Platforms.Build.0 = Release_32Bit|Any CPU
		{46C6D9CE-672F-4491-BF67-AA3F8DC811B7}.Release_32Bit|Win32.ActiveCfg = Release_32Bit|Any CPU
		{46C6D9CE-672F-4491-BF67-AA3F8DC811B7}.Release_64Bit|Any CPU.ActiveCfg = Release_64Bit|Any CPU
		{46C6D9CE-672F-4491-BF67-AA3F8DC811B7}.Release_64Bit|Any CPU.Build.0 = Release_64Bit|Any CPU
		{46C6D9CE-672F-4491-BF67-AA3F8DC811B7}.Release_64Bit|Mixed Platforms.ActiveCfg = Release_64Bit|Any CPU
		{46C6D9CE-672F-4491-BF67-AA3F8DC811B7}.Release_64Bit|Mixed Platforms.Build.0 = Release_64Bit|Any CPU
		{46C6D9CE-672F-4491-BF67-AA3F8DC811B7}.Release_64Bit|Win32.ActiveCfg = Release_64Bit|Any CPU
		{46C6D9CE-672F-4491-BF67-AA3F8DC811B7}.Release|Any CPU.ActiveCfg = Release|Any CPU
		{46C6D9CE-672F-4491-BF67-AA3F8DC811B7}.Release|Any CPU.Build.0 = Release|Any CPU
		{46C6D9CE-672F-4491-BF67-AA3F8DC811B7}.Release|Mixed Platforms.ActiveCfg = Debug|Any CPU
		{46C6D9CE-672F-4491-BF67-AA3F8DC811B7}.Release|Mixed Platforms.Build.0 = Debug|Any CPU
		{46C6D9CE-672F-4491-BF67-AA3F8DC811B7}.Release|Win32.ActiveCfg = Release|Any CPU
		{9409DE9B-F3F0-41AA-95F5-8BFD525F5669}.Debug|Any CPU.ActiveCfg = Debug|Any CPU
		{9409DE9B-F3F0-41AA-95F5-8BFD525F5669}.Debug|Any CPU.Build.0 = Debug|Any CPU
		{9409DE9B-F3F0-41AA-95F5-8BFD525F5669}.Debug|Mixed Platforms.ActiveCfg = Debug|Any CPU
		{9409DE9B-F3F0-41AA-95F5-8BFD525F5669}.Debug|Mixed Platforms.Build.0 = Debug|Any CPU
		{9409DE9B-F3F0-41AA-95F5-8BFD525F5669}.Debug|Win32.ActiveCfg = Debug|Any CPU
		{9409DE9B-F3F0-41AA-95F5-8BFD525F5669}.Release_32Bit|Any CPU.ActiveCfg = Release_32Bit|Any CPU
		{9409DE9B-F3F0-41AA-95F5-8BFD525F5669}.Release_32Bit|Any CPU.Build.0 = Release_32Bit|Any CPU
		{9409DE9B-F3F0-41AA-95F5-8BFD525F5669}.Release_32Bit|Mixed Platforms.ActiveCfg = Release_32Bit|Any CPU
		{9409DE9B-F3F0-41AA-95F5-8BFD525F5669}.Release_32Bit|Mixed Platforms.Build.0 = Release_32Bit|Any CPU
		{9409DE9B-F3F0-41AA-95F5-8BFD525F5669}.Release_32Bit|Win32.ActiveCfg = Release_32Bit|Any CPU
		{9409DE9B-F3F0-41AA-95F5-8BFD525F5669}.Release_64Bit|Any CPU.ActiveCfg = Release_64Bit|Any CPU
		{9409DE9B-F3F0-41AA-95F5-8BFD525F5669}.Release_64Bit|Any CPU.Build.0 = Release_64Bit|Any CPU
		{9409DE9B-F3F0-41AA-95F5-8BFD525F5669}.Release_64Bit|Mixed Platforms.ActiveCfg = Release_64Bit|Any CPU
		{9409DE9B-F3F0-41AA-95F5-8BFD525F5669}.Release_64Bit|Mixed Platforms.Build.0 = Release_64Bit|Any CPU
		{9409DE9B-F3F0-41AA-95F5-8BFD525F5669}.Release_64Bit|Win32.ActiveCfg = Release_64Bit|Any CPU
		{9409DE9B-F3F0-41AA-95F5-8BFD525F5669}.Release|Any CPU.ActiveCfg = Release|Any CPU
		{9409DE9B-F3F0-41AA-95F5-8BFD525F5669}.Release|Any CPU.Build.0 = Release|Any CPU
		{9409DE9B-F3F0-41AA-95F5-8BFD525F5669}.Release|Mixed Platforms.ActiveCfg = Debug|Any CPU
		{9409DE9B-F3F0-41AA-95F5-8BFD525F5669}.Release|Mixed Platforms.Build.0 = Debug|Any CPU
		{9409DE9B-F3F0-41AA-95F5-8BFD525F5669}.Release|Win32.ActiveCfg = Release|Any CPU
		{6531406C-5591-4C6B-8C86-AFDB5E3B8D1C}.Debug|Any CPU.ActiveCfg = Release|Any CPU
		{6531406C-5591-4C6B-8C86-AFDB5E3B8D1C}.Debug|Mixed Platforms.ActiveCfg = Debug|Any CPU
		{6531406C-5591-4C6B-8C86-AFDB5E3B8D1C}.Debug|Win32.ActiveCfg = Debug|Any CPU
		{6531406C-5591-4C6B-8C86-AFDB5E3B8D1C}.Release_32Bit|Any CPU.ActiveCfg = Release_32Bit|Any CPU
		{6531406C-5591-4C6B-8C86-AFDB5E3B8D1C}.Release_32Bit|Mixed Platforms.ActiveCfg = Release_32Bit|Any CPU
		{6531406C-5591-4C6B-8C86-AFDB5E3B8D1C}.Release_32Bit|Mixed Platforms.Build.0 = Release_32Bit|Any CPU
		{6531406C-5591-4C6B-8C86-AFDB5E3B8D1C}.Release_32Bit|Win32.ActiveCfg = Release_32Bit|Any CPU
		{6531406C-5591-4C6B-8C86-AFDB5E3B8D1C}.Release_64Bit|Any CPU.ActiveCfg = Release_64Bit|Any CPU
		{6531406C-5591-4C6B-8C86-AFDB5E3B8D1C}.Release_64Bit|Mixed Platforms.ActiveCfg = Release_64Bit|Any CPU
		{6531406C-5591-4C6B-8C86-AFDB5E3B8D1C}.Release_64Bit|Mixed Platforms.Build.0 = Release_64Bit|Any CPU
		{6531406C-5591-4C6B-8C86-AFDB5E3B8D1C}.Release_64Bit|Win32.ActiveCfg = Release_64Bit|Any CPU
		{6531406C-5591-4C6B-8C86-AFDB5E3B8D1C}.Release|Any CPU.ActiveCfg = Release|Any CPU
		{6531406C-5591-4C6B-8C86-AFDB5E3B8D1C}.Release|Mixed Platforms.ActiveCfg = Debug|Any CPU
		{6531406C-5591-4C6B-8C86-AFDB5E3B8D1C}.Release|Win32.ActiveCfg = Release|Any CPU
		{5A7E3D3C-03F3-4586-8A2C-BAE1EBA4623E}.Debug|Any CPU.ActiveCfg = Debug|Win32
		{5A7E3D3C-03F3-4586-8A2C-BAE1EBA4623E}.Debug|Any CPU.Build.0 = Debug|Win32
		{5A7E3D3C-03F3-4586-8A2C-BAE1EBA4623E}.Debug|Mixed Platforms.ActiveCfg = Debug|Win32
		{5A7E3D3C-03F3-4586-8A2C-BAE1EBA4623E}.Debug|Mixed Platforms.Build.0 = Debug|Win32
		{5A7E3D3C-03F3-4586-8A2C-BAE1EBA4623E}.Debug|Win32.ActiveCfg = Debug|Win32
		{5A7E3D3C-03F3-4586-8A2C-BAE1EBA4623E}.Debug|Win32.Build.0 = Debug|Win32
		{5A7E3D3C-03F3-4586-8A2C-BAE1EBA4623E}.Release_32Bit|Any CPU.ActiveCfg = Release_32Bit|Win32
		{5A7E3D3C-03F3-4586-8A2C-BAE1EBA4623E}.Release_32Bit|Any CPU.Build.0 = Release_32Bit|Win32
		{5A7E3D3C-03F3-4586-8A2C-BAE1EBA4623E}.Release_32Bit|Mixed Platforms.ActiveCfg = Release_32Bit|Win32
		{5A7E3D3C-03F3-4586-8A2C-BAE1EBA4623E}.Release_32Bit|Mixed Platforms.Build.0 = Release_32Bit|Win32
		{5A7E3D3C-03F3-4586-8A2C-BAE1EBA4623E}.Release_32Bit|Win32.ActiveCfg = Release_32Bit|Win32
		{5A7E3D3C-03F3-4586-8A2C-BAE1EBA4623E}.Release_32Bit|Win32.Build.0 = Release_32Bit|Win32
		{5A7E3D3C-03F3-4586-8A2C-BAE1EBA4623E}.Release_64Bit|Any CPU.ActiveCfg = Release_64Bit|Win32
		{5A7E3D3C-03F3-4586-8A2C-BAE1EBA4623E}.Release_64Bit|Any CPU.Build.0 = Release_64Bit|Win32
		{5A7E3D3C-03F3-4586-8A2C-BAE1EBA4623E}.Release_64Bit|Mixed Platforms.ActiveCfg = Release_64Bit|Win32
		{5A7E3D3C-03F3-4586-8A2C-BAE1EBA4623E}.Release_64Bit|Mixed Platforms.Build.0 = Release_64Bit|Win32
		{5A7E3D3C-03F3-4586-8A2C-BAE1EBA4623E}.Release_64Bit|Win32.ActiveCfg = Release_64Bit|Win32
		{5A7E3D3C-03F3-4586-8A2C-BAE1EBA4623E}.Release_64Bit|Win32.Build.0 = Release_64Bit|Win32
		{5A7E3D3C-03F3-4586-8A2C-BAE1EBA4623E}.Release|Any CPU.ActiveCfg = Release|Win32
		{5A7E3D3C-03F3-4586-8A2C-BAE1EBA4623E}.Release|Any CPU.Build.0 = Release|Win32
		{5A7E3D3C-03F3-4586-8A2C-BAE1EBA4623E}.Release|Mixed Platforms.ActiveCfg = Debug|Win32
		{5A7E3D3C-03F3-4586-8A2C-BAE1EBA4623E}.Release|Mixed Platforms.Build.0 = Debug|Win32
		{5A7E3D3C-03F3-4586-8A2C-BAE1EBA4623E}.Release|Win32.ActiveCfg = Release|Win32
		{5A7E3D3C-03F3-4586-8A2C-BAE1EBA4623E}.Release|Win32.Build.0 = Release|Win32
		{BDFA22C4-5822-4AA5-996E-6FDE57F7118B}.Debug|Any CPU.ActiveCfg = Debug|Any CPU
		{BDFA22C4-5822-4AA5-996E-6FDE57F7118B}.Debug|Any CPU.Build.0 = Debug|Any CPU
		{BDFA22C4-5822-4AA5-996E-6FDE57F7118B}.Debug|Mixed Platforms.ActiveCfg = Debug|Any CPU
		{BDFA22C4-5822-4AA5-996E-6FDE57F7118B}.Debug|Mixed Platforms.Build.0 = Debug|Any CPU
		{BDFA22C4-5822-4AA5-996E-6FDE57F7118B}.Debug|Win32.ActiveCfg = Debug|Any CPU
		{BDFA22C4-5822-4AA5-996E-6FDE57F7118B}.Release_32Bit|Any CPU.ActiveCfg = Release_32Bit|Any CPU
		{BDFA22C4-5822-4AA5-996E-6FDE57F7118B}.Release_32Bit|Any CPU.Build.0 = Release_32Bit|Any CPU
		{BDFA22C4-5822-4AA5-996E-6FDE57F7118B}.Release_32Bit|Mixed Platforms.ActiveCfg = Release_32Bit|Any CPU
		{BDFA22C4-5822-4AA5-996E-6FDE57F7118B}.Release_32Bit|Mixed Platforms.Build.0 = Release_32Bit|Any CPU
		{BDFA22C4-5822-4AA5-996E-6FDE57F7118B}.Release_32Bit|Win32.ActiveCfg = Release_32Bit|Any CPU
		{BDFA22C4-5822-4AA5-996E-6FDE57F7118B}.Release_64Bit|Any CPU.ActiveCfg = Release_64Bit|Any CPU
		{BDFA22C4-5822-4AA5-996E-6FDE57F7118B}.Release_64Bit|Any CPU.Build.0 = Release_64Bit|Any CPU
		{BDFA22C4-5822-4AA5-996E-6FDE57F7118B}.Release_64Bit|Mixed Platforms.ActiveCfg = Release_64Bit|Any CPU
		{BDFA22C4-5822-4AA5-996E-6FDE57F7118B}.Release_64Bit|Mixed Platforms.Build.0 = Release_64Bit|Any CPU
		{BDFA22C4-5822-4AA5-996E-6FDE57F7118B}.Release_64Bit|Win32.ActiveCfg = Release_64Bit|Any CPU
		{BDFA22C4-5822-4AA5-996E-6FDE57F7118B}.Release|Any CPU.ActiveCfg = Release|Any CPU
		{BDFA22C4-5822-4AA5-996E-6FDE57F7118B}.Release|Any CPU.Build.0 = Release|Any CPU
		{BDFA22C4-5822-4AA5-996E-6FDE57F7118B}.Release|Mixed Platforms.ActiveCfg = Debug|Any CPU
		{BDFA22C4-5822-4AA5-996E-6FDE57F7118B}.Release|Mixed Platforms.Build.0 = Debug|Any CPU
		{BDFA22C4-5822-4AA5-996E-6FDE57F7118B}.Release|Win32.ActiveCfg = Release|Any CPU
		{8FD22131-4C5F-456F-8D4F-583E8528FDA9}.Debug|Any CPU.ActiveCfg = Debug|Win32
		{8FD22131-4C5F-456F-8D4F-583E8528FDA9}.Debug|Mixed Platforms.ActiveCfg = Debug|Win32
		{8FD22131-4C5F-456F-8D4F-583E8528FDA9}.Debug|Mixed Platforms.Build.0 = Debug|Win32
		{8FD22131-4C5F-456F-8D4F-583E8528FDA9}.Debug|Win32.ActiveCfg = Debug|Win32
		{8FD22131-4C5F-456F-8D4F-583E8528FDA9}.Debug|Win32.Build.0 = Debug|Win32
		{8FD22131-4C5F-456F-8D4F-583E8528FDA9}.Release_32Bit|Any CPU.ActiveCfg = Release|Win32
		{8FD22131-4C5F-456F-8D4F-583E8528FDA9}.Release_32Bit|Mixed Platforms.ActiveCfg = Release|Win32
		{8FD22131-4C5F-456F-8D4F-583E8528FDA9}.Release_32Bit|Mixed Platforms.Build.0 = Release|Win32
		{8FD22131-4C5F-456F-8D4F-583E8528FDA9}.Release_32Bit|Win32.ActiveCfg = Release|Win32
		{8FD22131-4C5F-456F-8D4F-583E8528FDA9}.Release_32Bit|Win32.Build.0 = Release|Win32
		{8FD22131-4C5F-456F-8D4F-583E8528FDA9}.Release_64Bit|Any CPU.ActiveCfg = Release|Win32
		{8FD22131-4C5F-456F-8D4F-583E8528FDA9}.Release_64Bit|Mixed Platforms.ActiveCfg = Release|Win32
		{8FD22131-4C5F-456F-8D4F-583E8528FDA9}.Release_64Bit|Mixed Platforms.Build.0 = Release|Win32
		{8FD22131-4C5F-456F-8D4F-583E8528FDA9}.Release_64Bit|Win32.ActiveCfg = Release|Win32
		{8FD22131-4C5F-456F-8D4F-583E8528FDA9}.Release_64Bit|Win32.Build.0 = Release|Win32
		{8FD22131-4C5F-456F-8D4F-583E8528FDA9}.Release|Any CPU.ActiveCfg = Release|Win32
		{8FD22131-4C5F-456F-8D4F-583E8528FDA9}.Release|Mixed Platforms.ActiveCfg = Debug|Win32
		{8FD22131-4C5F-456F-8D4F-583E8528FDA9}.Release|Mixed Platforms.Build.0 = Debug|Win32
		{8FD22131-4C5F-456F-8D4F-583E8528FDA9}.Release|Win32.ActiveCfg = Release|Win32
		{8FD22131-4C5F-456F-8D4F-583E8528FDA9}.Release|Win32.Build.0 = Release|Win32
	EndGlobalSection
	GlobalSection(SolutionProperties) = preSolution
		HideSolutionNode = FALSE
	EndGlobalSection
EndGlobal
