Microsoft Visual Studio Solution File, Format Version 9.00
# Visual Studio 2005
Project("{FAE04EC0-301F-11D3-BF4B-00C04F79EFBC}") = "MultiAlignWin", "MultiAlignWin\MultiAlignWin.csproj", "{74B1D21D-3B38-4605-A617-4CA55683311C}"
EndProject
Project("{54435603-DBB4-11D2-8724-00A0C9A8B90C}") = "MultiAlignDeploy", "MultiAlignDeploy\MultiAlignDeploy.vdproj", "{49B81615-1F24-4254-A09E-775C32EF4B60}"
	ProjectSection(ProjectDependencies) = postProject
		{9409DE9B-F3F0-41AA-95F5-8BFD525F5669} = {9409DE9B-F3F0-41AA-95F5-8BFD525F5669}
		{46C6D9CE-672F-4491-BF67-AA3F8DC811B7} = {46C6D9CE-672F-4491-BF67-AA3F8DC811B7}
	EndProjectSection
EndProject
Project("{FAE04EC0-301F-11D3-BF4B-00C04F79EFBC}") = "ExternalControls", "ExternalControls\ExternalControls.csproj", "{46C6D9CE-672F-4491-BF67-AA3F8DC811B7}"
EndProject
Project("{FAE04EC0-301F-11D3-BF4B-00C04F79EFBC}") = "PNNLControls", "PNNLControls\PNNLControls.csproj", "{9409DE9B-F3F0-41AA-95F5-8BFD525F5669}"
EndProject
Project("{FAE04EC0-301F-11D3-BF4B-00C04F79EFBC}") = "Test", "TestFactors\Test.csproj", "{6531406C-5591-4C6B-8C86-AFDB5E3B8D1C}"
EndProject
Project("{8BC9CEB8-8B4A-11D0-8D11-00A0C91BC942}") = "MultiAlignEngine", "MultiAlign\MultiAlign.vcproj", "{5A7E3D3C-03F3-4586-8A2C-BAE1EBA4623E}"
EndProject
Project("{FAE04EC0-301F-11D3-BF4B-00C04F79EFBC}") = "PNNLProteomics", "PNNLProteomics\PNNLProteomics.csproj", "{BDFA22C4-5822-4AA5-996E-6FDE57F7118B}"
EndProject
Global
	GlobalSection(SolutionConfigurationPlatforms) = preSolution
		Debug|Win32 = Debug|Win32
		Debug|x64 = Debug|x64
		Release|Win32 = Release|Win32
		Release|x64 = Release|x64
	EndGlobalSection
	GlobalSection(ProjectConfigurationPlatforms) = postSolution
		{74B1D21D-3B38-4605-A617-4CA55683311C}.Debug|Win32.ActiveCfg = Debug|x86
		{74B1D21D-3B38-4605-A617-4CA55683311C}.Debug|Win32.Build.0 = Debug|x86
		{74B1D21D-3B38-4605-A617-4CA55683311C}.Debug|x64.ActiveCfg = Debug|x64
		{74B1D21D-3B38-4605-A617-4CA55683311C}.Debug|x64.Build.0 = Debug|x64
		{74B1D21D-3B38-4605-A617-4CA55683311C}.Release|Win32.ActiveCfg = Release|x86
		{74B1D21D-3B38-4605-A617-4CA55683311C}.Release|Win32.Build.0 = Release|x86
		{74B1D21D-3B38-4605-A617-4CA55683311C}.Release|x64.ActiveCfg = Release|x64
		{74B1D21D-3B38-4605-A617-4CA55683311C}.Release|x64.Build.0 = Release|x64
		{49B81615-1F24-4254-A09E-775C32EF4B60}.Debug|Win32.ActiveCfg = Debug
		{49B81615-1F24-4254-A09E-775C32EF4B60}.Debug|x64.ActiveCfg = Debug
		{49B81615-1F24-4254-A09E-775C32EF4B60}.Release|Win32.ActiveCfg = Release
		{49B81615-1F24-4254-A09E-775C32EF4B60}.Release|Win32.Build.0 = Release
		{49B81615-1F24-4254-A09E-775C32EF4B60}.Release|x64.ActiveCfg = Release
		{46C6D9CE-672F-4491-BF67-AA3F8DC811B7}.Debug|Win32.ActiveCfg = Debug|x86
		{46C6D9CE-672F-4491-BF67-AA3F8DC811B7}.Debug|Win32.Build.0 = Debug|x86
		{46C6D9CE-672F-4491-BF67-AA3F8DC811B7}.Debug|x64.ActiveCfg = Debug|x64
		{46C6D9CE-672F-4491-BF67-AA3F8DC811B7}.Debug|x64.Build.0 = Debug|x64
		{46C6D9CE-672F-4491-BF67-AA3F8DC811B7}.Release|Win32.ActiveCfg = Release|x86
		{46C6D9CE-672F-4491-BF67-AA3F8DC811B7}.Release|Win32.Build.0 = Release|x86
		{46C6D9CE-672F-4491-BF67-AA3F8DC811B7}.Release|x64.ActiveCfg = Release|x64
		{46C6D9CE-672F-4491-BF67-AA3F8DC811B7}.Release|x64.Build.0 = Release|x64
		{9409DE9B-F3F0-41AA-95F5-8BFD525F5669}.Debug|Win32.ActiveCfg = Debug|x86
		{9409DE9B-F3F0-41AA-95F5-8BFD525F5669}.Debug|Win32.Build.0 = Debug|x86
		{9409DE9B-F3F0-41AA-95F5-8BFD525F5669}.Debug|x64.ActiveCfg = Debug|x64
		{9409DE9B-F3F0-41AA-95F5-8BFD525F5669}.Debug|x64.Build.0 = Debug|x64
		{9409DE9B-F3F0-41AA-95F5-8BFD525F5669}.Release|Win32.ActiveCfg = Release|x86
		{9409DE9B-F3F0-41AA-95F5-8BFD525F5669}.Release|Win32.Build.0 = Release|x86
		{9409DE9B-F3F0-41AA-95F5-8BFD525F5669}.Release|x64.ActiveCfg = Release|x64
		{9409DE9B-F3F0-41AA-95F5-8BFD525F5669}.Release|x64.Build.0 = Release|x64
		{6531406C-5591-4C6B-8C86-AFDB5E3B8D1C}.Debug|Win32.ActiveCfg = Debug|x86
		{6531406C-5591-4C6B-8C86-AFDB5E3B8D1C}.Debug|x64.ActiveCfg = Debug|x64
		{6531406C-5591-4C6B-8C86-AFDB5E3B8D1C}.Release|Win32.ActiveCfg = Release|x86
		{6531406C-5591-4C6B-8C86-AFDB5E3B8D1C}.Release|x64.ActiveCfg = Release|x64
		{5A7E3D3C-03F3-4586-8A2C-BAE1EBA4623E}.Debug|Win32.ActiveCfg = Debug|Win32
		{5A7E3D3C-03F3-4586-8A2C-BAE1EBA4623E}.Debug|Win32.Build.0 = Debug|Win32
		{5A7E3D3C-03F3-4586-8A2C-BAE1EBA4623E}.Debug|x64.ActiveCfg = Debug|x64
		{5A7E3D3C-03F3-4586-8A2C-BAE1EBA4623E}.Debug|x64.Build.0 = Debug|x64
		{5A7E3D3C-03F3-4586-8A2C-BAE1EBA4623E}.Release|Win32.ActiveCfg = Release|Win32
		{5A7E3D3C-03F3-4586-8A2C-BAE1EBA4623E}.Release|Win32.Build.0 = Release|Win32
		{5A7E3D3C-03F3-4586-8A2C-BAE1EBA4623E}.Release|x64.ActiveCfg = Release|x64
		{5A7E3D3C-03F3-4586-8A2C-BAE1EBA4623E}.Release|x64.Build.0 = Release|x64
		{BDFA22C4-5822-4AA5-996E-6FDE57F7118B}.Debug|Win32.ActiveCfg = Debug|x86
		{BDFA22C4-5822-4AA5-996E-6FDE57F7118B}.Debug|Win32.Build.0 = Debug|x86
		{BDFA22C4-5822-4AA5-996E-6FDE57F7118B}.Debug|x64.ActiveCfg = Debug|x64
		{BDFA22C4-5822-4AA5-996E-6FDE57F7118B}.Debug|x64.Build.0 = Debug|x64
		{BDFA22C4-5822-4AA5-996E-6FDE57F7118B}.Release|Win32.ActiveCfg = Release|x86
		{BDFA22C4-5822-4AA5-996E-6FDE57F7118B}.Release|Win32.Build.0 = Release|x86
		{BDFA22C4-5822-4AA5-996E-6FDE57F7118B}.Release|x64.ActiveCfg = Release|x64
		{BDFA22C4-5822-4AA5-996E-6FDE57F7118B}.Release|x64.Build.0 = Release|x64
	EndGlobalSection
	GlobalSection(SolutionProperties) = preSolution
		HideSolutionNode = FALSE
	EndGlobalSection
EndGlobal
