Microsoft Visual Studio Solution File, Format Version 9.00
# Visual Studio 2005
Project("{FAE04EC0-301F-11D3-BF4B-00C04F79EFBC}") = "MultiAlignWin", "MultiAlignWin\MultiAlignWin.csproj", "{74B1D21D-3B38-4605-A617-4CA55683311C}"
EndProject
Project("{FAE04EC0-301F-11D3-BF4B-00C04F79EFBC}") = "ExternalControls", "ExternalControls\ExternalControls.csproj", "{46C6D9CE-672F-4491-BF67-AA3F8DC811B7}"
EndProject
Project("{FAE04EC0-301F-11D3-BF4B-00C04F79EFBC}") = "PNNLControls", "PNNLControls\PNNLControls.csproj", "{9409DE9B-F3F0-41AA-95F5-8BFD525F5669}"
EndProject
Project("{8BC9CEB8-8B4A-11D0-8D11-00A0C91BC942}") = "MultiAlignEngine", "MultiAlign\MultiAlign.vcproj", "{5A7E3D3C-03F3-4586-8A2C-BAE1EBA4623E}"
EndProject
Project("{FAE04EC0-301F-11D3-BF4B-00C04F79EFBC}") = "PNNLProteomics", "PNNLProteomics\PNNLProteomics.csproj", "{BDFA22C4-5822-4AA5-996E-6FDE57F7118B}"
EndProject
Project("{FAE04EC0-301F-11D3-BF4B-00C04F79EFBC}") = "MultiAlignConsole", "MultiAlignConsole\MultiAlignConsole.csproj", "{7F3869CC-8606-476A-8A9B-0BBA15C57C60}"
EndProject
Project("{FAE04EC0-301F-11D3-BF4B-00C04F79EFBC}") = "MultiAlignCustomControls", "MultiAlignCustomControls\MultiAlignCustomControls.csproj", "{EE7596B2-FCD3-471A-856F-1270713DD5B1}"
EndProject
Global
	GlobalSection(SolutionConfigurationPlatforms) = preSolution
		Debug|x64 = Debug|x64
		Debug|x86 = Debug|x86
		Release|x64 = Release|x64
		Release|x86 = Release|x86
	EndGlobalSection
	GlobalSection(ProjectConfigurationPlatforms) = postSolution
		{74B1D21D-3B38-4605-A617-4CA55683311C}.Debug|x64.ActiveCfg = Debug|x64
		{74B1D21D-3B38-4605-A617-4CA55683311C}.Debug|x64.Build.0 = Debug|x64
		{74B1D21D-3B38-4605-A617-4CA55683311C}.Debug|x86.ActiveCfg = Debug|x86
		{74B1D21D-3B38-4605-A617-4CA55683311C}.Debug|x86.Build.0 = Debug|x86
		{74B1D21D-3B38-4605-A617-4CA55683311C}.Release|x64.ActiveCfg = Release|x64
		{74B1D21D-3B38-4605-A617-4CA55683311C}.Release|x64.Build.0 = Release|x64
		{74B1D21D-3B38-4605-A617-4CA55683311C}.Release|x86.ActiveCfg = Release|x86
		{74B1D21D-3B38-4605-A617-4CA55683311C}.Release|x86.Build.0 = Release|x86
		{46C6D9CE-672F-4491-BF67-AA3F8DC811B7}.Debug|x64.ActiveCfg = Debug|x64
		{46C6D9CE-672F-4491-BF67-AA3F8DC811B7}.Debug|x64.Build.0 = Debug|x64
		{46C6D9CE-672F-4491-BF67-AA3F8DC811B7}.Debug|x86.ActiveCfg = Debug|x86
		{46C6D9CE-672F-4491-BF67-AA3F8DC811B7}.Debug|x86.Build.0 = Debug|x86
		{46C6D9CE-672F-4491-BF67-AA3F8DC811B7}.Release|x64.ActiveCfg = Release|x64
		{46C6D9CE-672F-4491-BF67-AA3F8DC811B7}.Release|x64.Build.0 = Release|x64
		{46C6D9CE-672F-4491-BF67-AA3F8DC811B7}.Release|x86.ActiveCfg = Release|x86
		{46C6D9CE-672F-4491-BF67-AA3F8DC811B7}.Release|x86.Build.0 = Release|x86
		{9409DE9B-F3F0-41AA-95F5-8BFD525F5669}.Debug|x64.ActiveCfg = Debug|x64
		{9409DE9B-F3F0-41AA-95F5-8BFD525F5669}.Debug|x64.Build.0 = Debug|x64
		{9409DE9B-F3F0-41AA-95F5-8BFD525F5669}.Debug|x86.ActiveCfg = Debug|x86
		{9409DE9B-F3F0-41AA-95F5-8BFD525F5669}.Debug|x86.Build.0 = Debug|x86
		{9409DE9B-F3F0-41AA-95F5-8BFD525F5669}.Release|x64.ActiveCfg = Release|x64
		{9409DE9B-F3F0-41AA-95F5-8BFD525F5669}.Release|x64.Build.0 = Release|x64
		{9409DE9B-F3F0-41AA-95F5-8BFD525F5669}.Release|x86.ActiveCfg = Release|x86
		{9409DE9B-F3F0-41AA-95F5-8BFD525F5669}.Release|x86.Build.0 = Release|x86
		{5A7E3D3C-03F3-4586-8A2C-BAE1EBA4623E}.Debug|x64.ActiveCfg = Debug|x64
		{5A7E3D3C-03F3-4586-8A2C-BAE1EBA4623E}.Debug|x64.Build.0 = Debug|x64
		{5A7E3D3C-03F3-4586-8A2C-BAE1EBA4623E}.Debug|x86.ActiveCfg = Debug|Win32
		{5A7E3D3C-03F3-4586-8A2C-BAE1EBA4623E}.Debug|x86.Build.0 = Debug|Win32
		{5A7E3D3C-03F3-4586-8A2C-BAE1EBA4623E}.Release|x64.ActiveCfg = Release|x64
		{5A7E3D3C-03F3-4586-8A2C-BAE1EBA4623E}.Release|x64.Build.0 = Release|x64
		{5A7E3D3C-03F3-4586-8A2C-BAE1EBA4623E}.Release|x86.ActiveCfg = Release|Win32
		{5A7E3D3C-03F3-4586-8A2C-BAE1EBA4623E}.Release|x86.Build.0 = Release|Win32
		{BDFA22C4-5822-4AA5-996E-6FDE57F7118B}.Debug|x64.ActiveCfg = Debug|x64
		{BDFA22C4-5822-4AA5-996E-6FDE57F7118B}.Debug|x64.Build.0 = Debug|x64
		{BDFA22C4-5822-4AA5-996E-6FDE57F7118B}.Debug|x86.ActiveCfg = Debug|x86
		{BDFA22C4-5822-4AA5-996E-6FDE57F7118B}.Debug|x86.Build.0 = Debug|x86
		{BDFA22C4-5822-4AA5-996E-6FDE57F7118B}.Release|x64.ActiveCfg = Release|x64
		{BDFA22C4-5822-4AA5-996E-6FDE57F7118B}.Release|x64.Build.0 = Release|x64
		{BDFA22C4-5822-4AA5-996E-6FDE57F7118B}.Release|x86.ActiveCfg = Release|x86
		{BDFA22C4-5822-4AA5-996E-6FDE57F7118B}.Release|x86.Build.0 = Release|x86
		{7F3869CC-8606-476A-8A9B-0BBA15C57C60}.Debug|x64.ActiveCfg = Debug|x64
		{7F3869CC-8606-476A-8A9B-0BBA15C57C60}.Debug|x64.Build.0 = Debug|x64
		{7F3869CC-8606-476A-8A9B-0BBA15C57C60}.Debug|x86.ActiveCfg = Debug|x86
		{7F3869CC-8606-476A-8A9B-0BBA15C57C60}.Debug|x86.Build.0 = Debug|x86
		{7F3869CC-8606-476A-8A9B-0BBA15C57C60}.Release|x64.ActiveCfg = Release|x64
		{7F3869CC-8606-476A-8A9B-0BBA15C57C60}.Release|x64.Build.0 = Release|x64
		{7F3869CC-8606-476A-8A9B-0BBA15C57C60}.Release|x86.ActiveCfg = Release|x86
		{7F3869CC-8606-476A-8A9B-0BBA15C57C60}.Release|x86.Build.0 = Release|x86
		{EE7596B2-FCD3-471A-856F-1270713DD5B1}.Debug|x64.ActiveCfg = Debug|x64
		{EE7596B2-FCD3-471A-856F-1270713DD5B1}.Debug|x64.Build.0 = Debug|x64
		{EE7596B2-FCD3-471A-856F-1270713DD5B1}.Debug|x86.ActiveCfg = Debug|x86
		{EE7596B2-FCD3-471A-856F-1270713DD5B1}.Debug|x86.Build.0 = Debug|x86
		{EE7596B2-FCD3-471A-856F-1270713DD5B1}.Release|x64.ActiveCfg = Release|x64
		{EE7596B2-FCD3-471A-856F-1270713DD5B1}.Release|x64.Build.0 = Release|x64
		{EE7596B2-FCD3-471A-856F-1270713DD5B1}.Release|x86.ActiveCfg = Release|x86
		{EE7596B2-FCD3-471A-856F-1270713DD5B1}.Release|x86.Build.0 = Release|x86
	EndGlobalSection
	GlobalSection(SolutionProperties) = preSolution
		HideSolutionNode = FALSE
	EndGlobalSection
EndGlobal
