
Microsoft Visual Studio Solution File, Format Version 12.00
# Visual Studio 2013
VisualStudioVersion = 12.0.21005.1
MinimumVisualStudioVersion = 10.0.40219.1
Project("{FAE04EC0-301F-11D3-BF4B-00C04F79EFBC}") = "PNNLControls", "PNNLControls\PNNLControls.csproj", "{9409DE9B-F3F0-41AA-95F5-8BFD525F5669}"
EndProject
Project("{FAE04EC0-301F-11D3-BF4B-00C04F79EFBC}") = "MultiAlignCustomControls", "MultiAlignCustomControls\MultiAlignCustomControls.csproj", "{EE7596B2-FCD3-471A-856F-1270713DD5B1}"
EndProject
Project("{FAE04EC0-301F-11D3-BF4B-00C04F79EFBC}") = "ExternalControls", "ExternalControls\ExternalControls.csproj", "{46C6D9CE-672F-4491-BF67-AA3F8DC811B7}"
EndProject
Project("{FAE04EC0-301F-11D3-BF4B-00C04F79EFBC}") = "MultiAlignConsole", "MultiAlignConsole\MultiAlignConsole.csproj", "{7F3869CC-8606-476A-8A9B-0BBA15C57C60}"
EndProject
Project("{FAE04EC0-301F-11D3-BF4B-00C04F79EFBC}") = "MultiAlignTestSuite", "MultiAlignTestSuite\MultiAlignTestSuite.csproj", "{C98A3968-F62C-47EB-9E03-93862C747D33}"
EndProject
Project("{FAE04EC0-301F-11D3-BF4B-00C04F79EFBC}") = "MultiAlignCore", "MultiAlignCore\MultiAlignCore.csproj", "{BDFA22C4-5822-4AA5-996E-6FDE57F7118B}"
EndProject
Project("{FAE04EC0-301F-11D3-BF4B-00C04F79EFBC}") = "MultiAlignParameterFileEditor", "MultiAlignParameterFileEditor\MultiAlignParameterFileEditor.csproj", "{A853D633-C2DE-4B9F-9EE8-AF97329E2BF8}"
EndProject
Project("{2150E333-8FDC-42A3-9474-1A3956D46DE8}") = "Website", "Website", "{D2530E66-87BA-4E2A-AC25-B4F056A39669}"
	ProjectSection(SolutionItems) = preProject
		..\..\..\doc\website\MultiAlign.php = ..\..\..\doc\website\MultiAlign.php
	EndProjectSection
EndProject
Project("{FAE04EC0-301F-11D3-BF4B-00C04F79EFBC}") = "MultiAlignChargeStateProcessor", "MultiAlignChargeStateProcessor\MultiAlignChargeStateProcessor.csproj", "{553F0F69-E2CC-4AB5-BA2C-0C0604265E36}"
EndProject
Project("{FAE04EC0-301F-11D3-BF4B-00C04F79EFBC}") = "ClusterExtractorConsole", "OHSU\ClusterExtractorConsole.csproj", "{189F00D7-D0C6-4376-B4CF-21F9362CA7DE}"
EndProject
Project("{2150E333-8FDC-42A3-9474-1A3956D46DE8}") = "GridApps", "GridApps", "{47B0F1FD-E120-4077-9F16-0E042648FD8E}"
EndProject
Project("{2150E333-8FDC-42A3-9474-1A3956D46DE8}") = "Library", "Library", "{66F2B136-AC6E-49A8-9244-3C3D2D421987}"
EndProject
Project("{2150E333-8FDC-42A3-9474-1A3956D46DE8}") = "Applications", "Applications", "{093E911F-F413-4FAE-BCD7-79E106A03366}"
EndProject
Project("{2150E333-8FDC-42A3-9474-1A3956D46DE8}") = "Test", "Test", "{2C157EF4-2595-452C-B9A8-4910985257AB}"
EndProject
Project("{FAE04EC0-301F-11D3-BF4B-00C04F79EFBC}") = "MultiAlign", "MultiAlign\MultiAlign.csproj", "{6EC23CCC-4F36-47BF-B997-F0A5727822A5}"
EndProject
Project("{FAE04EC0-301F-11D3-BF4B-00C04F79EFBC}") = "PNNLOmics", "..\..\..\..\PNNLOmics\development\trunk\PNNLOmics\PNNLOmics.csproj", "{8A934DC1-3418-449F-ADF6-9962499F49B2}"
EndProject
Project("{FAE04EC0-301F-11D3-BF4B-00C04F79EFBC}") = "PNNLOmicsData", "..\..\..\..\PNNLOmics\development\trunk\PNNLOmicsData\PNNLOmicsData.csproj", "{FC4BD445-0F35-432E-90F4-9982EA31C790}"
EndProject
Project("{FAE04EC0-301F-11D3-BF4B-00C04F79EFBC}") = "PNNLOmicsIO", "..\..\..\..\PNNLOmics\development\trunk\PNNLOmicsIO\PNNLOmicsIO.csproj", "{20D49543-CD31-44D2-8403-F045B3FB363D}"
EndProject
Global
	GlobalSection(SolutionConfigurationPlatforms) = preSolution
		Debug|Any CPU = Debug|Any CPU
		Debug|Mixed Platforms = Debug|Mixed Platforms
		Debug|x64 = Debug|x64
		Debug|x86 = Debug|x86
		Release|Any CPU = Release|Any CPU
		Release|Mixed Platforms = Release|Mixed Platforms
		Release|x64 = Release|x64
		Release|x86 = Release|x86
	EndGlobalSection
	GlobalSection(ProjectConfigurationPlatforms) = postSolution
		{9409DE9B-F3F0-41AA-95F5-8BFD525F5669}.Debug|Any CPU.ActiveCfg = Debug|x64
		{9409DE9B-F3F0-41AA-95F5-8BFD525F5669}.Debug|Mixed Platforms.ActiveCfg = Debug|x86
		{9409DE9B-F3F0-41AA-95F5-8BFD525F5669}.Debug|Mixed Platforms.Build.0 = Debug|x86
		{9409DE9B-F3F0-41AA-95F5-8BFD525F5669}.Debug|x64.ActiveCfg = Debug|x64
		{9409DE9B-F3F0-41AA-95F5-8BFD525F5669}.Debug|x64.Build.0 = Debug|x64
		{9409DE9B-F3F0-41AA-95F5-8BFD525F5669}.Debug|x86.ActiveCfg = Debug|x86
		{9409DE9B-F3F0-41AA-95F5-8BFD525F5669}.Debug|x86.Build.0 = Debug|x86
		{9409DE9B-F3F0-41AA-95F5-8BFD525F5669}.Release|Any CPU.ActiveCfg = Release|x64
		{9409DE9B-F3F0-41AA-95F5-8BFD525F5669}.Release|Mixed Platforms.ActiveCfg = Release|x86
		{9409DE9B-F3F0-41AA-95F5-8BFD525F5669}.Release|Mixed Platforms.Build.0 = Release|x86
		{9409DE9B-F3F0-41AA-95F5-8BFD525F5669}.Release|x64.ActiveCfg = Release|x64
		{9409DE9B-F3F0-41AA-95F5-8BFD525F5669}.Release|x64.Build.0 = Release|x64
		{9409DE9B-F3F0-41AA-95F5-8BFD525F5669}.Release|x86.ActiveCfg = Release|x86
		{9409DE9B-F3F0-41AA-95F5-8BFD525F5669}.Release|x86.Build.0 = Release|x86
		{EE7596B2-FCD3-471A-856F-1270713DD5B1}.Debug|Any CPU.ActiveCfg = Debug|x86
		{EE7596B2-FCD3-471A-856F-1270713DD5B1}.Debug|Mixed Platforms.ActiveCfg = Debug|x86
		{EE7596B2-FCD3-471A-856F-1270713DD5B1}.Debug|Mixed Platforms.Build.0 = Debug|x86
		{EE7596B2-FCD3-471A-856F-1270713DD5B1}.Debug|x64.ActiveCfg = Debug|x64
		{EE7596B2-FCD3-471A-856F-1270713DD5B1}.Debug|x64.Build.0 = Debug|x64
		{EE7596B2-FCD3-471A-856F-1270713DD5B1}.Debug|x86.ActiveCfg = Debug|x86
		{EE7596B2-FCD3-471A-856F-1270713DD5B1}.Debug|x86.Build.0 = Debug|x86
		{EE7596B2-FCD3-471A-856F-1270713DD5B1}.Release|Any CPU.ActiveCfg = Release|x86
		{EE7596B2-FCD3-471A-856F-1270713DD5B1}.Release|Mixed Platforms.ActiveCfg = Release|x86
		{EE7596B2-FCD3-471A-856F-1270713DD5B1}.Release|Mixed Platforms.Build.0 = Release|x86
		{EE7596B2-FCD3-471A-856F-1270713DD5B1}.Release|x64.ActiveCfg = Release|x64
		{EE7596B2-FCD3-471A-856F-1270713DD5B1}.Release|x64.Build.0 = Release|x64
		{EE7596B2-FCD3-471A-856F-1270713DD5B1}.Release|x86.ActiveCfg = Release|x86
		{EE7596B2-FCD3-471A-856F-1270713DD5B1}.Release|x86.Build.0 = Release|x86
		{46C6D9CE-672F-4491-BF67-AA3F8DC811B7}.Debug|Any CPU.ActiveCfg = Debug|x64
		{46C6D9CE-672F-4491-BF67-AA3F8DC811B7}.Debug|Mixed Platforms.ActiveCfg = Debug|x86
		{46C6D9CE-672F-4491-BF67-AA3F8DC811B7}.Debug|Mixed Platforms.Build.0 = Debug|x86
		{46C6D9CE-672F-4491-BF67-AA3F8DC811B7}.Debug|x64.ActiveCfg = Debug|x64
		{46C6D9CE-672F-4491-BF67-AA3F8DC811B7}.Debug|x64.Build.0 = Debug|x64
		{46C6D9CE-672F-4491-BF67-AA3F8DC811B7}.Debug|x86.ActiveCfg = Debug|x86
		{46C6D9CE-672F-4491-BF67-AA3F8DC811B7}.Release|Any CPU.ActiveCfg = Release|x64
		{46C6D9CE-672F-4491-BF67-AA3F8DC811B7}.Release|Mixed Platforms.ActiveCfg = Release|x86
		{46C6D9CE-672F-4491-BF67-AA3F8DC811B7}.Release|Mixed Platforms.Build.0 = Release|x86
		{46C6D9CE-672F-4491-BF67-AA3F8DC811B7}.Release|x64.ActiveCfg = Release|x64
		{46C6D9CE-672F-4491-BF67-AA3F8DC811B7}.Release|x64.Build.0 = Release|x64
		{46C6D9CE-672F-4491-BF67-AA3F8DC811B7}.Release|x86.ActiveCfg = Release|x86
		{46C6D9CE-672F-4491-BF67-AA3F8DC811B7}.Release|x86.Build.0 = Release|x86
		{7F3869CC-8606-476A-8A9B-0BBA15C57C60}.Debug|Any CPU.ActiveCfg = Debug|x86
		{7F3869CC-8606-476A-8A9B-0BBA15C57C60}.Debug|Mixed Platforms.ActiveCfg = Debug|x86
		{7F3869CC-8606-476A-8A9B-0BBA15C57C60}.Debug|Mixed Platforms.Build.0 = Debug|x86
		{7F3869CC-8606-476A-8A9B-0BBA15C57C60}.Debug|x64.ActiveCfg = Debug|x64
		{7F3869CC-8606-476A-8A9B-0BBA15C57C60}.Debug|x64.Build.0 = Debug|x64
		{7F3869CC-8606-476A-8A9B-0BBA15C57C60}.Debug|x86.ActiveCfg = Debug|x86
		{7F3869CC-8606-476A-8A9B-0BBA15C57C60}.Debug|x86.Build.0 = Debug|x86
		{7F3869CC-8606-476A-8A9B-0BBA15C57C60}.Release|Any CPU.ActiveCfg = Release|x86
		{7F3869CC-8606-476A-8A9B-0BBA15C57C60}.Release|Mixed Platforms.ActiveCfg = Release|x86
		{7F3869CC-8606-476A-8A9B-0BBA15C57C60}.Release|Mixed Platforms.Build.0 = Release|x86
		{7F3869CC-8606-476A-8A9B-0BBA15C57C60}.Release|x64.ActiveCfg = Release|x64
		{7F3869CC-8606-476A-8A9B-0BBA15C57C60}.Release|x64.Build.0 = Release|x64
		{7F3869CC-8606-476A-8A9B-0BBA15C57C60}.Release|x86.ActiveCfg = Release|x86
		{7F3869CC-8606-476A-8A9B-0BBA15C57C60}.Release|x86.Build.0 = Release|x86
		{C98A3968-F62C-47EB-9E03-93862C747D33}.Debug|Any CPU.ActiveCfg = Debug|Any CPU
		{C98A3968-F62C-47EB-9E03-93862C747D33}.Debug|Any CPU.Build.0 = Debug|Any CPU
		{C98A3968-F62C-47EB-9E03-93862C747D33}.Debug|Mixed Platforms.ActiveCfg = Debug|x86
		{C98A3968-F62C-47EB-9E03-93862C747D33}.Debug|Mixed Platforms.Build.0 = Debug|x86
		{C98A3968-F62C-47EB-9E03-93862C747D33}.Debug|x64.ActiveCfg = Debug|x64
		{C98A3968-F62C-47EB-9E03-93862C747D33}.Debug|x64.Build.0 = Debug|x64
		{C98A3968-F62C-47EB-9E03-93862C747D33}.Debug|x86.ActiveCfg = Debug|x86
		{C98A3968-F62C-47EB-9E03-93862C747D33}.Release|Any CPU.ActiveCfg = Release|Any CPU
		{C98A3968-F62C-47EB-9E03-93862C747D33}.Release|Any CPU.Build.0 = Release|Any CPU
		{C98A3968-F62C-47EB-9E03-93862C747D33}.Release|Mixed Platforms.ActiveCfg = Release|x86
		{C98A3968-F62C-47EB-9E03-93862C747D33}.Release|Mixed Platforms.Build.0 = Release|x86
		{C98A3968-F62C-47EB-9E03-93862C747D33}.Release|x64.ActiveCfg = Release|x64
		{C98A3968-F62C-47EB-9E03-93862C747D33}.Release|x64.Build.0 = Release|x64
		{C98A3968-F62C-47EB-9E03-93862C747D33}.Release|x86.ActiveCfg = Release|x86
		{C98A3968-F62C-47EB-9E03-93862C747D33}.Release|x86.Build.0 = Release|x86
		{BDFA22C4-5822-4AA5-996E-6FDE57F7118B}.Debug|Any CPU.ActiveCfg = Debug|x64
		{BDFA22C4-5822-4AA5-996E-6FDE57F7118B}.Debug|Mixed Platforms.ActiveCfg = Debug|x86
		{BDFA22C4-5822-4AA5-996E-6FDE57F7118B}.Debug|Mixed Platforms.Build.0 = Debug|x86
		{BDFA22C4-5822-4AA5-996E-6FDE57F7118B}.Debug|x64.ActiveCfg = Debug|x64
		{BDFA22C4-5822-4AA5-996E-6FDE57F7118B}.Debug|x64.Build.0 = Debug|x64
		{BDFA22C4-5822-4AA5-996E-6FDE57F7118B}.Debug|x86.ActiveCfg = Debug|x86
		{BDFA22C4-5822-4AA5-996E-6FDE57F7118B}.Debug|x86.Build.0 = Debug|x86
		{BDFA22C4-5822-4AA5-996E-6FDE57F7118B}.Release|Any CPU.ActiveCfg = Release|x64
		{BDFA22C4-5822-4AA5-996E-6FDE57F7118B}.Release|Mixed Platforms.ActiveCfg = Release|x86
		{BDFA22C4-5822-4AA5-996E-6FDE57F7118B}.Release|Mixed Platforms.Build.0 = Release|x86
		{BDFA22C4-5822-4AA5-996E-6FDE57F7118B}.Release|x64.ActiveCfg = Release|x64
		{BDFA22C4-5822-4AA5-996E-6FDE57F7118B}.Release|x64.Build.0 = Release|x64
		{BDFA22C4-5822-4AA5-996E-6FDE57F7118B}.Release|x86.ActiveCfg = Release|x86
		{BDFA22C4-5822-4AA5-996E-6FDE57F7118B}.Release|x86.Build.0 = Release|x86
		{A853D633-C2DE-4B9F-9EE8-AF97329E2BF8}.Debug|Any CPU.ActiveCfg = Debug|x64
		{A853D633-C2DE-4B9F-9EE8-AF97329E2BF8}.Debug|Mixed Platforms.ActiveCfg = Debug|x86
		{A853D633-C2DE-4B9F-9EE8-AF97329E2BF8}.Debug|Mixed Platforms.Build.0 = Debug|x86
		{A853D633-C2DE-4B9F-9EE8-AF97329E2BF8}.Debug|x64.ActiveCfg = Debug|x86
		{A853D633-C2DE-4B9F-9EE8-AF97329E2BF8}.Debug|x86.ActiveCfg = Debug|x86
		{A853D633-C2DE-4B9F-9EE8-AF97329E2BF8}.Debug|x86.Build.0 = Debug|x86
		{A853D633-C2DE-4B9F-9EE8-AF97329E2BF8}.Release|Any CPU.ActiveCfg = Release|x64
		{A853D633-C2DE-4B9F-9EE8-AF97329E2BF8}.Release|Mixed Platforms.ActiveCfg = Release|x86
		{A853D633-C2DE-4B9F-9EE8-AF97329E2BF8}.Release|Mixed Platforms.Build.0 = Release|x86
		{A853D633-C2DE-4B9F-9EE8-AF97329E2BF8}.Release|x64.ActiveCfg = Release|x64
		{A853D633-C2DE-4B9F-9EE8-AF97329E2BF8}.Release|x64.Build.0 = Release|x64
		{A853D633-C2DE-4B9F-9EE8-AF97329E2BF8}.Release|x86.ActiveCfg = Release|x86
		{A853D633-C2DE-4B9F-9EE8-AF97329E2BF8}.Release|x86.Build.0 = Release|x86
		{553F0F69-E2CC-4AB5-BA2C-0C0604265E36}.Debug|Any CPU.ActiveCfg = Debug|x86
		{553F0F69-E2CC-4AB5-BA2C-0C0604265E36}.Debug|Mixed Platforms.ActiveCfg = Debug|x86
		{553F0F69-E2CC-4AB5-BA2C-0C0604265E36}.Debug|Mixed Platforms.Build.0 = Debug|x86
		{553F0F69-E2CC-4AB5-BA2C-0C0604265E36}.Debug|x64.ActiveCfg = Debug|x86
		{553F0F69-E2CC-4AB5-BA2C-0C0604265E36}.Debug|x86.ActiveCfg = Debug|x86
		{553F0F69-E2CC-4AB5-BA2C-0C0604265E36}.Debug|x86.Build.0 = Debug|x86
		{553F0F69-E2CC-4AB5-BA2C-0C0604265E36}.Release|Any CPU.ActiveCfg = Release|x86
		{553F0F69-E2CC-4AB5-BA2C-0C0604265E36}.Release|Mixed Platforms.ActiveCfg = Release|x86
		{553F0F69-E2CC-4AB5-BA2C-0C0604265E36}.Release|Mixed Platforms.Build.0 = Release|x86
		{553F0F69-E2CC-4AB5-BA2C-0C0604265E36}.Release|x64.ActiveCfg = Release|x64
		{553F0F69-E2CC-4AB5-BA2C-0C0604265E36}.Release|x64.Build.0 = Release|x64
		{553F0F69-E2CC-4AB5-BA2C-0C0604265E36}.Release|x86.ActiveCfg = Release|x86
		{553F0F69-E2CC-4AB5-BA2C-0C0604265E36}.Release|x86.Build.0 = Release|x86
		{189F00D7-D0C6-4376-B4CF-21F9362CA7DE}.Debug|Any CPU.ActiveCfg = Debug|x86
		{189F00D7-D0C6-4376-B4CF-21F9362CA7DE}.Debug|Mixed Platforms.ActiveCfg = Debug|x86
		{189F00D7-D0C6-4376-B4CF-21F9362CA7DE}.Debug|Mixed Platforms.Build.0 = Debug|x86
		{189F00D7-D0C6-4376-B4CF-21F9362CA7DE}.Debug|x64.ActiveCfg = Debug|x86
		{189F00D7-D0C6-4376-B4CF-21F9362CA7DE}.Debug|x86.ActiveCfg = Debug|x86
		{189F00D7-D0C6-4376-B4CF-21F9362CA7DE}.Debug|x86.Build.0 = Debug|x86
		{189F00D7-D0C6-4376-B4CF-21F9362CA7DE}.Release|Any CPU.ActiveCfg = Release|x86
		{189F00D7-D0C6-4376-B4CF-21F9362CA7DE}.Release|Mixed Platforms.ActiveCfg = Release|x86
		{189F00D7-D0C6-4376-B4CF-21F9362CA7DE}.Release|Mixed Platforms.Build.0 = Release|x86
		{189F00D7-D0C6-4376-B4CF-21F9362CA7DE}.Release|x64.ActiveCfg = Release|x64
		{189F00D7-D0C6-4376-B4CF-21F9362CA7DE}.Release|x64.Build.0 = Release|x64
		{189F00D7-D0C6-4376-B4CF-21F9362CA7DE}.Release|x86.ActiveCfg = Release|x86
		{189F00D7-D0C6-4376-B4CF-21F9362CA7DE}.Release|x86.Build.0 = Release|x86
		{6EC23CCC-4F36-47BF-B997-F0A5727822A5}.Debug|Any CPU.ActiveCfg = Debug|x64
		{6EC23CCC-4F36-47BF-B997-F0A5727822A5}.Debug|Mixed Platforms.ActiveCfg = Debug|x86
		{6EC23CCC-4F36-47BF-B997-F0A5727822A5}.Debug|Mixed Platforms.Build.0 = Debug|x86
		{6EC23CCC-4F36-47BF-B997-F0A5727822A5}.Debug|x64.ActiveCfg = Debug|x64
		{6EC23CCC-4F36-47BF-B997-F0A5727822A5}.Debug|x86.ActiveCfg = Debug|x86
		{6EC23CCC-4F36-47BF-B997-F0A5727822A5}.Debug|x86.Build.0 = Debug|x86
		{6EC23CCC-4F36-47BF-B997-F0A5727822A5}.Release|Any CPU.ActiveCfg = Release|x64
		{6EC23CCC-4F36-47BF-B997-F0A5727822A5}.Release|Mixed Platforms.ActiveCfg = Release|x86
		{6EC23CCC-4F36-47BF-B997-F0A5727822A5}.Release|Mixed Platforms.Build.0 = Release|x86
		{6EC23CCC-4F36-47BF-B997-F0A5727822A5}.Release|x64.ActiveCfg = Release|x64
		{6EC23CCC-4F36-47BF-B997-F0A5727822A5}.Release|x64.Build.0 = Release|x64
		{6EC23CCC-4F36-47BF-B997-F0A5727822A5}.Release|x86.ActiveCfg = Release|x86
		{6EC23CCC-4F36-47BF-B997-F0A5727822A5}.Release|x86.Build.0 = Release|x86
		{8A934DC1-3418-449F-ADF6-9962499F49B2}.Debug|Any CPU.ActiveCfg = Debug|Any CPU
		{8A934DC1-3418-449F-ADF6-9962499F49B2}.Debug|Any CPU.Build.0 = Debug|Any CPU
		{8A934DC1-3418-449F-ADF6-9962499F49B2}.Debug|Mixed Platforms.ActiveCfg = Debug|x86
		{8A934DC1-3418-449F-ADF6-9962499F49B2}.Debug|Mixed Platforms.Build.0 = Debug|x86
		{8A934DC1-3418-449F-ADF6-9962499F49B2}.Debug|x64.ActiveCfg = Debug|x64
		{8A934DC1-3418-449F-ADF6-9962499F49B2}.Debug|x64.Build.0 = Debug|x64
		{8A934DC1-3418-449F-ADF6-9962499F49B2}.Debug|x86.ActiveCfg = Debug|x86
		{8A934DC1-3418-449F-ADF6-9962499F49B2}.Debug|x86.Build.0 = Debug|x86
		{8A934DC1-3418-449F-ADF6-9962499F49B2}.Release|Any CPU.ActiveCfg = Release|Any CPU
		{8A934DC1-3418-449F-ADF6-9962499F49B2}.Release|Any CPU.Build.0 = Release|Any CPU
		{8A934DC1-3418-449F-ADF6-9962499F49B2}.Release|Mixed Platforms.ActiveCfg = Release|Any CPU
		{8A934DC1-3418-449F-ADF6-9962499F49B2}.Release|Mixed Platforms.Build.0 = Release|Any CPU
		{8A934DC1-3418-449F-ADF6-9962499F49B2}.Release|x64.ActiveCfg = Release|x64
		{8A934DC1-3418-449F-ADF6-9962499F49B2}.Release|x64.Build.0 = Release|x64
		{8A934DC1-3418-449F-ADF6-9962499F49B2}.Release|x86.ActiveCfg = Release|x86
		{8A934DC1-3418-449F-ADF6-9962499F49B2}.Release|x86.Build.0 = Release|x86
		{FC4BD445-0F35-432E-90F4-9982EA31C790}.Debug|Any CPU.ActiveCfg = Debug|Any CPU
		{FC4BD445-0F35-432E-90F4-9982EA31C790}.Debug|Any CPU.Build.0 = Debug|Any CPU
		{FC4BD445-0F35-432E-90F4-9982EA31C790}.Debug|Mixed Platforms.ActiveCfg = Debug|Any CPU
		{FC4BD445-0F35-432E-90F4-9982EA31C790}.Debug|Mixed Platforms.Build.0 = Debug|Any CPU
		{FC4BD445-0F35-432E-90F4-9982EA31C790}.Debug|x64.ActiveCfg = Debug|x64
		{FC4BD445-0F35-432E-90F4-9982EA31C790}.Debug|x64.Build.0 = Debug|x64
		{FC4BD445-0F35-432E-90F4-9982EA31C790}.Debug|x86.ActiveCfg = Debug|Any CPU
		{FC4BD445-0F35-432E-90F4-9982EA31C790}.Release|Any CPU.ActiveCfg = Release|Any CPU
		{FC4BD445-0F35-432E-90F4-9982EA31C790}.Release|Any CPU.Build.0 = Release|Any CPU
		{FC4BD445-0F35-432E-90F4-9982EA31C790}.Release|Mixed Platforms.ActiveCfg = Release|Any CPU
		{FC4BD445-0F35-432E-90F4-9982EA31C790}.Release|Mixed Platforms.Build.0 = Release|Any CPU
		{FC4BD445-0F35-432E-90F4-9982EA31C790}.Release|x64.ActiveCfg = Release|x64
		{FC4BD445-0F35-432E-90F4-9982EA31C790}.Release|x64.Build.0 = Release|x64
		{FC4BD445-0F35-432E-90F4-9982EA31C790}.Release|x86.ActiveCfg = Release|Any CPU
		{20D49543-CD31-44D2-8403-F045B3FB363D}.Debug|Any CPU.ActiveCfg = Debug|Any CPU
		{20D49543-CD31-44D2-8403-F045B3FB363D}.Debug|Any CPU.Build.0 = Debug|Any CPU
		{20D49543-CD31-44D2-8403-F045B3FB363D}.Debug|Mixed Platforms.ActiveCfg = Debug|Any CPU
		{20D49543-CD31-44D2-8403-F045B3FB363D}.Debug|Mixed Platforms.Build.0 = Debug|Any CPU
		{20D49543-CD31-44D2-8403-F045B3FB363D}.Debug|x64.ActiveCfg = Debug|x64
		{20D49543-CD31-44D2-8403-F045B3FB363D}.Debug|x64.Build.0 = Debug|x64
		{20D49543-CD31-44D2-8403-F045B3FB363D}.Debug|x86.ActiveCfg = Debug|Any CPU
		{20D49543-CD31-44D2-8403-F045B3FB363D}.Release|Any CPU.ActiveCfg = Release|Any CPU
		{20D49543-CD31-44D2-8403-F045B3FB363D}.Release|Any CPU.Build.0 = Release|Any CPU
		{20D49543-CD31-44D2-8403-F045B3FB363D}.Release|Mixed Platforms.ActiveCfg = Release|Any CPU
		{20D49543-CD31-44D2-8403-F045B3FB363D}.Release|Mixed Platforms.Build.0 = Release|Any CPU
		{20D49543-CD31-44D2-8403-F045B3FB363D}.Release|x64.ActiveCfg = Release|x64
		{20D49543-CD31-44D2-8403-F045B3FB363D}.Release|x64.Build.0 = Release|x64
		{20D49543-CD31-44D2-8403-F045B3FB363D}.Release|x86.ActiveCfg = Release|Any CPU
	EndGlobalSection
	GlobalSection(SolutionProperties) = preSolution
		HideSolutionNode = FALSE
	EndGlobalSection
	GlobalSection(NestedProjects) = preSolution
		{EE7596B2-FCD3-471A-856F-1270713DD5B1} = {66F2B136-AC6E-49A8-9244-3C3D2D421987}
		{46C6D9CE-672F-4491-BF67-AA3F8DC811B7} = {66F2B136-AC6E-49A8-9244-3C3D2D421987}
		{BDFA22C4-5822-4AA5-996E-6FDE57F7118B} = {66F2B136-AC6E-49A8-9244-3C3D2D421987}
		{9409DE9B-F3F0-41AA-95F5-8BFD525F5669} = {66F2B136-AC6E-49A8-9244-3C3D2D421987}
		{8A934DC1-3418-449F-ADF6-9962499F49B2} = {66F2B136-AC6E-49A8-9244-3C3D2D421987}
		{FC4BD445-0F35-432E-90F4-9982EA31C790} = {66F2B136-AC6E-49A8-9244-3C3D2D421987}
		{20D49543-CD31-44D2-8403-F045B3FB363D} = {66F2B136-AC6E-49A8-9244-3C3D2D421987}
		{A853D633-C2DE-4B9F-9EE8-AF97329E2BF8} = {093E911F-F413-4FAE-BCD7-79E106A03366}
		{7F3869CC-8606-476A-8A9B-0BBA15C57C60} = {093E911F-F413-4FAE-BCD7-79E106A03366}
		{6EC23CCC-4F36-47BF-B997-F0A5727822A5} = {093E911F-F413-4FAE-BCD7-79E106A03366}
		{C98A3968-F62C-47EB-9E03-93862C747D33} = {2C157EF4-2595-452C-B9A8-4910985257AB}
		{189F00D7-D0C6-4376-B4CF-21F9362CA7DE} = {47B0F1FD-E120-4077-9F16-0E042648FD8E}
		{553F0F69-E2CC-4AB5-BA2C-0C0604265E36} = {47B0F1FD-E120-4077-9F16-0E042648FD8E}
	EndGlobalSection
EndGlobal
